// !$*UTF8*$!
{
	archiveVersion = 1;
	classes = {
	};
	objectVersion = 55;
	objects = {

/* Begin PBXBuildFile section */
		DB4897CB28A278DF00E85934 /* EarthquakesApp.swift in Sources */ = {isa = PBXBuildFile; fileRef = DB4897CA28A278DF00E85934 /* EarthquakesApp.swift */; };
		DB4897CD28A278DF00E85934 /* ContentView.swift in Sources */ = {isa = PBXBuildFile; fileRef = DB4897CC28A278DF00E85934 /* ContentView.swift */; };
		DB4897CF28A278E100E85934 /* Assets.xcassets in Resources */ = {isa = PBXBuildFile; fileRef = DB4897CE28A278E100E85934 /* Assets.xcassets */; };
		DB4897D228A278E100E85934 /* Preview Assets.xcassets in Resources */ = {isa = PBXBuildFile; fileRef = DB4897D128A278E100E85934 /* Preview Assets.xcassets */; };
		DB4897DC28A278E100E85934 /* EarthquakesTests.swift in Sources */ = {isa = PBXBuildFile; fileRef = DB4897DB28A278E100E85934 /* EarthquakesTests.swift */; };
		DB4897E628A278E100E85934 /* EarthquakesUITests.swift in Sources */ = {isa = PBXBuildFile; fileRef = DB4897E528A278E100E85934 /* EarthquakesUITests.swift */; };
		DB4897E828A278E100E85934 /* EarthquakesUITestsLaunchTests.swift in Sources */ = {isa = PBXBuildFile; fileRef = DB4897E728A278E100E85934 /* EarthquakesUITestsLaunchTests.swift */; };
		DB48980028A4144500E85934 /* EarthquakeRow.swift in Sources */ = {isa = PBXBuildFile; fileRef = DB4897FF28A4144400E85934 /* EarthquakeRow.swift */; };
		DB76123A28B1104100FF1A55 /* Earthquake.swift in Sources */ = {isa = PBXBuildFile; fileRef = DB76123928B1104100FF1A55 /* Earthquake.swift */; };
		DB76124028B1146200FF1A55 /* SelectButton.swift in Sources */ = {isa = PBXBuildFile; fileRef = DB76123F28B1146200FF1A55 /* SelectButton.swift */; };
		DB76124228B12B5700FF1A55 /* EditButton.swift in Sources */ = {isa = PBXBuildFile; fileRef = DB76124128B12B5700FF1A55 /* EditButton.swift */; };
		DB76124428B1542E00FF1A55 /* Mock.swift in Sources */ = {isa = PBXBuildFile; fileRef = DB76124328B1542E00FF1A55 /* Mock.swift */; };
		DBA74BAD28A416740005673E /* EarthquakeDetail.swift in Sources */ = {isa = PBXBuildFile; fileRef = DBA74BAC28A416740005673E /* EarthquakeDetail.swift */; };
		DBA74BAF28A423040005673E /* Magnitude.swift in Sources */ = {isa = PBXBuildFile; fileRef = DBA74BAE28A423040005673E /* Magnitude.swift */; };
/* End PBXBuildFile section */

/* Begin PBXContainerItemProxy section */
		DB4897D828A278E100E85934 /* PBXContainerItemProxy */ = {
			isa = PBXContainerItemProxy;
			containerPortal = DB4897BF28A278DF00E85934 /* Project object */;
			proxyType = 1;
			remoteGlobalIDString = DB4897C628A278DF00E85934;
			remoteInfo = Earthquakes;
		};
		DB4897E228A278E100E85934 /* PBXContainerItemProxy */ = {
			isa = PBXContainerItemProxy;
			containerPortal = DB4897BF28A278DF00E85934 /* Project object */;
			proxyType = 1;
			remoteGlobalIDString = DB4897C628A278DF00E85934;
			remoteInfo = Earthquakes;
		};
/* End PBXContainerItemProxy section */

/* Begin PBXFileReference section */
		DB4897C728A278DF00E85934 /* Earthquakes.app */ = {isa = PBXFileReference; explicitFileType = wrapper.application; includeInIndex = 0; path = Earthquakes.app; sourceTree = BUILT_PRODUCTS_DIR; };
		DB4897CA28A278DF00E85934 /* EarthquakesApp.swift */ = {isa = PBXFileReference; lastKnownFileType = sourcecode.swift; path = EarthquakesApp.swift; sourceTree = "<group>"; };
		DB4897CC28A278DF00E85934 /* ContentView.swift */ = {isa = PBXFileReference; lastKnownFileType = sourcecode.swift; path = ContentView.swift; sourceTree = "<group>"; };
		DB4897CE28A278E100E85934 /* Assets.xcassets */ = {isa = PBXFileReference; lastKnownFileType = folder.assetcatalog; path = Assets.xcassets; sourceTree = "<group>"; };
		DB4897D128A278E100E85934 /* Preview Assets.xcassets */ = {isa = PBXFileReference; lastKnownFileType = folder.assetcatalog; path = "Preview Assets.xcassets"; sourceTree = "<group>"; };
		DB4897D728A278E100E85934 /* EarthquakesTests.xctest */ = {isa = PBXFileReference; explicitFileType = wrapper.cfbundle; includeInIndex = 0; path = EarthquakesTests.xctest; sourceTree = BUILT_PRODUCTS_DIR; };
		DB4897DB28A278E100E85934 /* EarthquakesTests.swift */ = {isa = PBXFileReference; lastKnownFileType = sourcecode.swift; path = EarthquakesTests.swift; sourceTree = "<group>"; };
		DB4897E128A278E100E85934 /* EarthquakesUITests.xctest */ = {isa = PBXFileReference; explicitFileType = wrapper.cfbundle; includeInIndex = 0; path = EarthquakesUITests.xctest; sourceTree = BUILT_PRODUCTS_DIR; };
		DB4897E528A278E100E85934 /* EarthquakesUITests.swift */ = {isa = PBXFileReference; lastKnownFileType = sourcecode.swift; path = EarthquakesUITests.swift; sourceTree = "<group>"; };
		DB4897E728A278E100E85934 /* EarthquakesUITestsLaunchTests.swift */ = {isa = PBXFileReference; lastKnownFileType = sourcecode.swift; path = EarthquakesUITestsLaunchTests.swift; sourceTree = "<group>"; };
		DB4897FF28A4144400E85934 /* EarthquakeRow.swift */ = {isa = PBXFileReference; lastKnownFileType = sourcecode.swift; path = EarthquakeRow.swift; sourceTree = "<group>"; };
		DB76123928B1104100FF1A55 /* Earthquake.swift */ = {isa = PBXFileReference; fileEncoding = 4; lastKnownFileType = sourcecode.swift; path = Earthquake.swift; sourceTree = "<group>"; };
		DB76123F28B1146200FF1A55 /* SelectButton.swift */ = {isa = PBXFileReference; lastKnownFileType = sourcecode.swift; path = SelectButton.swift; sourceTree = "<group>"; };
		DB76124128B12B5700FF1A55 /* EditButton.swift */ = {isa = PBXFileReference; lastKnownFileType = sourcecode.swift; path = EditButton.swift; sourceTree = "<group>"; };
		DB76124328B1542E00FF1A55 /* Mock.swift */ = {isa = PBXFileReference; lastKnownFileType = sourcecode.swift; path = Mock.swift; sourceTree = "<group>"; };
		DBA74BAC28A416740005673E /* EarthquakeDetail.swift */ = {isa = PBXFileReference; lastKnownFileType = sourcecode.swift; path = EarthquakeDetail.swift; sourceTree = "<group>"; };
		DBA74BAE28A423040005673E /* Magnitude.swift */ = {isa = PBXFileReference; lastKnownFileType = sourcecode.swift; path = Magnitude.swift; sourceTree = "<group>"; };
/* End PBXFileReference section */

/* Begin PBXFrameworksBuildPhase section */
		DB4897C428A278DF00E85934 /* Frameworks */ = {
			isa = PBXFrameworksBuildPhase;
			buildActionMask = 2147483647;
			files = (
			);
			runOnlyForDeploymentPostprocessing = 0;
		};
		DB4897D428A278E100E85934 /* Frameworks */ = {
			isa = PBXFrameworksBuildPhase;
			buildActionMask = 2147483647;
			files = (
			);
			runOnlyForDeploymentPostprocessing = 0;
		};
		DB4897DE28A278E100E85934 /* Frameworks */ = {
			isa = PBXFrameworksBuildPhase;
			buildActionMask = 2147483647;
			files = (
			);
			runOnlyForDeploymentPostprocessing = 0;
		};
/* End PBXFrameworksBuildPhase section */

/* Begin PBXGroup section */
		DB4897BE28A278DF00E85934 = {
			isa = PBXGroup;
			children = (
				DB4897C928A278DF00E85934 /* Earthquakes */,
				DB4897DA28A278E100E85934 /* EarthquakesTests */,
				DB4897E428A278E100E85934 /* EarthquakesUITests */,
				DB4897C828A278DF00E85934 /* Products */,
			);
			sourceTree = "<group>";
		};
		DB4897C828A278DF00E85934 /* Products */ = {
			isa = PBXGroup;
			children = (
				DB4897C728A278DF00E85934 /* Earthquakes.app */,
				DB4897D728A278E100E85934 /* EarthquakesTests.xctest */,
				DB4897E128A278E100E85934 /* EarthquakesUITests.xctest */,
			);
			name = Products;
			sourceTree = "<group>";
		};
		DB4897C928A278DF00E85934 /* Earthquakes */ = {
			isa = PBXGroup;
			children = (
				DB4897FA28A281E400E85934 /* Views */,
				DB76123828B1103000FF1A55 /* Model */,
				DB4897CA28A278DF00E85934 /* EarthquakesApp.swift */,
				DB4897CE28A278E100E85934 /* Assets.xcassets */,
				DB4897D028A278E100E85934 /* Preview Content */,
			);
			path = Earthquakes;
			sourceTree = "<group>";
		};
		DB4897D028A278E100E85934 /* Preview Content */ = {
			isa = PBXGroup;
			children = (
				DB4897D128A278E100E85934 /* Preview Assets.xcassets */,
			);
			path = "Preview Content";
			sourceTree = "<group>";
		};
		DB4897DA28A278E100E85934 /* EarthquakesTests */ = {
			isa = PBXGroup;
			children = (
				DB4897DB28A278E100E85934 /* EarthquakesTests.swift */,
			);
			path = EarthquakesTests;
			sourceTree = "<group>";
		};
		DB4897E428A278E100E85934 /* EarthquakesUITests */ = {
			isa = PBXGroup;
			children = (
				DB4897E528A278E100E85934 /* EarthquakesUITests.swift */,
				DB4897E728A278E100E85934 /* EarthquakesUITestsLaunchTests.swift */,
			);
			path = EarthquakesUITests;
			sourceTree = "<group>";
		};
		DB4897FA28A281E400E85934 /* Views */ = {
			isa = PBXGroup;
			children = (
				DB4897CC28A278DF00E85934 /* ContentView.swift */,
				DB4897FF28A4144400E85934 /* EarthquakeRow.swift */,
				DBA74BAC28A416740005673E /* EarthquakeDetail.swift */,
				DBA74BAE28A423040005673E /* Magnitude.swift */,
				DB76123F28B1146200FF1A55 /* SelectButton.swift */,
				DB76124128B12B5700FF1A55 /* EditButton.swift */,
			);
			path = Views;
			sourceTree = "<group>";
		};
		DB76123828B1103000FF1A55 /* Model */ = {
			isa = PBXGroup;
			children = (
				DB76123928B1104100FF1A55 /* Earthquake.swift */,
				DB76124328B1542E00FF1A55 /* Mock.swift */,
			);
			path = Model;
			sourceTree = "<group>";
		};
/* End PBXGroup section */

/* Begin PBXNativeTarget section */
		DB4897C628A278DF00E85934 /* Earthquakes */ = {
			isa = PBXNativeTarget;
			buildConfigurationList = DB4897EB28A278E100E85934 /* Build configuration list for PBXNativeTarget "Earthquakes" */;
			buildPhases = (
				DB4897C328A278DF00E85934 /* Sources */,
				DB4897C428A278DF00E85934 /* Frameworks */,
				DB4897C528A278DF00E85934 /* Resources */,
			);
			buildRules = (
			);
			dependencies = (
			);
			name = Earthquakes;
			productName = Earthquakes;
			productReference = DB4897C728A278DF00E85934 /* Earthquakes.app */;
			productType = "com.apple.product-type.application";
		};
		DB4897D628A278E100E85934 /* EarthquakesTests */ = {
			isa = PBXNativeTarget;
			buildConfigurationList = DB4897EE28A278E100E85934 /* Build configuration list for PBXNativeTarget "EarthquakesTests" */;
			buildPhases = (
				DB4897D328A278E100E85934 /* Sources */,
				DB4897D428A278E100E85934 /* Frameworks */,
				DB4897D528A278E100E85934 /* Resources */,
			);
			buildRules = (
			);
			dependencies = (
				DB4897D928A278E100E85934 /* PBXTargetDependency */,
			);
			name = EarthquakesTests;
			productName = EarthquakesTests;
			productReference = DB4897D728A278E100E85934 /* EarthquakesTests.xctest */;
			productType = "com.apple.product-type.bundle.unit-test";
		};
		DB4897E028A278E100E85934 /* EarthquakesUITests */ = {
			isa = PBXNativeTarget;
			buildConfigurationList = DB4897F128A278E100E85934 /* Build configuration list for PBXNativeTarget "EarthquakesUITests" */;
			buildPhases = (
				DB4897DD28A278E100E85934 /* Sources */,
				DB4897DE28A278E100E85934 /* Frameworks */,
				DB4897DF28A278E100E85934 /* Resources */,
			);
			buildRules = (
			);
			dependencies = (
				DB4897E328A278E100E85934 /* PBXTargetDependency */,
			);
			name = EarthquakesUITests;
			productName = EarthquakesUITests;
			productReference = DB4897E128A278E100E85934 /* EarthquakesUITests.xctest */;
			productType = "com.apple.product-type.bundle.ui-testing";
		};
/* End PBXNativeTarget section */

/* Begin PBXProject section */
		DB4897BF28A278DF00E85934 /* Project object */ = {
			isa = PBXProject;
			attributes = {
				BuildIndependentTargetsInParallel = 1;
				LastSwiftUpdateCheck = 1340;
				LastUpgradeCheck = 1340;
				TargetAttributes = {
					DB4897C628A278DF00E85934 = {
						CreatedOnToolsVersion = 13.4.1;
					};
					DB4897D628A278E100E85934 = {
						CreatedOnToolsVersion = 13.4.1;
						TestTargetID = DB4897C628A278DF00E85934;
					};
					DB4897E028A278E100E85934 = {
						CreatedOnToolsVersion = 13.4.1;
						TestTargetID = DB4897C628A278DF00E85934;
					};
				};
			};
			buildConfigurationList = DB4897C228A278DF00E85934 /* Build configuration list for PBXProject "Earthquakes" */;
			compatibilityVersion = "Xcode 13.0";
			developmentRegion = en;
			hasScannedForEncodings = 0;
			knownRegions = (
				en,
				Base,
			);
			mainGroup = DB4897BE28A278DF00E85934;
			productRefGroup = DB4897C828A278DF00E85934 /* Products */;
			projectDirPath = "";
			projectRoot = "";
			targets = (
				DB4897C628A278DF00E85934 /* Earthquakes */,
				DB4897D628A278E100E85934 /* EarthquakesTests */,
				DB4897E028A278E100E85934 /* EarthquakesUITests */,
			);
		};
/* End PBXProject section */

/* Begin PBXResourcesBuildPhase section */
		DB4897C528A278DF00E85934 /* Resources */ = {
			isa = PBXResourcesBuildPhase;
			buildActionMask = 2147483647;
			files = (
				DB4897D228A278E100E85934 /* Preview Assets.xcassets in Resources */,
				DB4897CF28A278E100E85934 /* Assets.xcassets in Resources */,
			);
			runOnlyForDeploymentPostprocessing = 0;
		};
		DB4897D528A278E100E85934 /* Resources */ = {
			isa = PBXResourcesBuildPhase;
			buildActionMask = 2147483647;
			files = (
			);
			runOnlyForDeploymentPostprocessing = 0;
		};
		DB4897DF28A278E100E85934 /* Resources */ = {
			isa = PBXResourcesBuildPhase;
			buildActionMask = 2147483647;
			files = (
			);
			runOnlyForDeploymentPostprocessing = 0;
		};
/* End PBXResourcesBuildPhase section */

/* Begin PBXSourcesBuildPhase section */
		DB4897C328A278DF00E85934 /* Sources */ = {
			isa = PBXSourcesBuildPhase;
			buildActionMask = 2147483647;
			files = (
				DBA74BAF28A423040005673E /* Magnitude.swift in Sources */,
				DB4897CD28A278DF00E85934 /* ContentView.swift in Sources */,
				DB76124228B12B5700FF1A55 /* EditButton.swift in Sources */,
				DB76124028B1146200FF1A55 /* SelectButton.swift in Sources */,
				DB76123A28B1104100FF1A55 /* Earthquake.swift in Sources */,
				DB48980028A4144500E85934 /* EarthquakeRow.swift in Sources */,
				DB4897CB28A278DF00E85934 /* EarthquakesApp.swift in Sources */,
				DBA74BAD28A416740005673E /* EarthquakeDetail.swift in Sources */,
				DB76124428B1542E00FF1A55 /* Mock.swift in Sources */,
			);
			runOnlyForDeploymentPostprocessing = 0;
		};
		DB4897D328A278E100E85934 /* Sources */ = {
			isa = PBXSourcesBuildPhase;
			buildActionMask = 2147483647;
			files = (
				DB4897DC28A278E100E85934 /* EarthquakesTests.swift in Sources */,
			);
			runOnlyForDeploymentPostprocessing = 0;
		};
		DB4897DD28A278E100E85934 /* Sources */ = {
			isa = PBXSourcesBuildPhase;
			buildActionMask = 2147483647;
			files = (
				DB4897E628A278E100E85934 /* EarthquakesUITests.swift in Sources */,
				DB4897E828A278E100E85934 /* EarthquakesUITestsLaunchTests.swift in Sources */,
			);
			runOnlyForDeploymentPostprocessing = 0;
		};
/* End PBXSourcesBuildPhase section */

/* Begin PBXTargetDependency section */
		DB4897D928A278E100E85934 /* PBXTargetDependency */ = {
			isa = PBXTargetDependency;
			target = DB4897C628A278DF00E85934 /* Earthquakes */;
			targetProxy = DB4897D828A278E100E85934 /* PBXContainerItemProxy */;
		};
		DB4897E328A278E100E85934 /* PBXTargetDependency */ = {
			isa = PBXTargetDependency;
			target = DB4897C628A278DF00E85934 /* Earthquakes */;
			targetProxy = DB4897E228A278E100E85934 /* PBXContainerItemProxy */;
		};
/* End PBXTargetDependency section */

/* Begin XCBuildConfiguration section */
		DB4897E928A278E100E85934 /* Debug */ = {
			isa = XCBuildConfiguration;
			buildSettings = {
				ALWAYS_SEARCH_USER_PATHS = NO;
				CLANG_ANALYZER_NONNULL = YES;
				CLANG_ANALYZER_NUMBER_OBJECT_CONVERSION = YES_AGGRESSIVE;
				CLANG_CXX_LANGUAGE_STANDARD = "gnu++17";
				CLANG_ENABLE_MODULES = YES;
				CLANG_ENABLE_OBJC_ARC = YES;
				CLANG_ENABLE_OBJC_WEAK = YES;
				CLANG_WARN_BLOCK_CAPTURE_AUTORELEASING = YES;
				CLANG_WARN_BOOL_CONVERSION = YES;
				CLANG_WARN_COMMA = YES;
				CLANG_WARN_CONSTANT_CONVERSION = YES;
				CLANG_WARN_DEPRECATED_OBJC_IMPLEMENTATIONS = YES;
				CLANG_WARN_DIRECT_OBJC_ISA_USAGE = YES_ERROR;
				CLANG_WARN_DOCUMENTATION_COMMENTS = YES;
				CLANG_WARN_EMPTY_BODY = YES;
				CLANG_WARN_ENUM_CONVERSION = YES;
				CLANG_WARN_INFINITE_RECURSION = YES;
				CLANG_WARN_INT_CONVERSION = YES;
				CLANG_WARN_NON_LITERAL_NULL_CONVERSION = YES;
				CLANG_WARN_OBJC_IMPLICIT_RETAIN_SELF = YES;
				CLANG_WARN_OBJC_LITERAL_CONVERSION = YES;
				CLANG_WARN_OBJC_ROOT_CLASS = YES_ERROR;
				CLANG_WARN_QUOTED_INCLUDE_IN_FRAMEWORK_HEADER = YES;
				CLANG_WARN_RANGE_LOOP_ANALYSIS = YES;
				CLANG_WARN_STRICT_PROTOTYPES = YES;
				CLANG_WARN_SUSPICIOUS_MOVE = YES;
				CLANG_WARN_UNGUARDED_AVAILABILITY = YES_AGGRESSIVE;
				CLANG_WARN_UNREACHABLE_CODE = YES;
				CLANG_WARN__DUPLICATE_METHOD_MATCH = YES;
				COPY_PHASE_STRIP = NO;
				DEBUG_INFORMATION_FORMAT = dwarf;
				ENABLE_STRICT_OBJC_MSGSEND = YES;
				ENABLE_TESTABILITY = YES;
				GCC_C_LANGUAGE_STANDARD = gnu11;
				GCC_DYNAMIC_NO_PIC = NO;
				GCC_NO_COMMON_BLOCKS = YES;
				GCC_OPTIMIZATION_LEVEL = 0;
				GCC_PREPROCESSOR_DEFINITIONS = (
					"DEBUG=1",
					"$(inherited)",
				);
				GCC_WARN_64_TO_32_BIT_CONVERSION = YES;
				GCC_WARN_ABOUT_RETURN_TYPE = YES_ERROR;
				GCC_WARN_UNDECLARED_SELECTOR = YES;
				GCC_WARN_UNINITIALIZED_AUTOS = YES_AGGRESSIVE;
				GCC_WARN_UNUSED_FUNCTION = YES;
				GCC_WARN_UNUSED_VARIABLE = YES;
				IPHONEOS_DEPLOYMENT_TARGET = 15.5;
				MTL_ENABLE_DEBUG_INFO = INCLUDE_SOURCE;
				MTL_FAST_MATH = YES;
				ONLY_ACTIVE_ARCH = YES;
				SDKROOT = iphoneos;
				SWIFT_ACTIVE_COMPILATION_CONDITIONS = DEBUG;
				SWIFT_OPTIMIZATION_LEVEL = "-Onone";
			};
			name = Debug;
		};
		DB4897EA28A278E100E85934 /* Release */ = {
			isa = XCBuildConfiguration;
			buildSettings = {
				ALWAYS_SEARCH_USER_PATHS = NO;
				CLANG_ANALYZER_NONNULL = YES;
				CLANG_ANALYZER_NUMBER_OBJECT_CONVERSION = YES_AGGRESSIVE;
				CLANG_CXX_LANGUAGE_STANDARD = "gnu++17";
				CLANG_ENABLE_MODULES = YES;
				CLANG_ENABLE_OBJC_ARC = YES;
				CLANG_ENABLE_OBJC_WEAK = YES;
				CLANG_WARN_BLOCK_CAPTURE_AUTORELEASING = YES;
				CLANG_WARN_BOOL_CONVERSION = YES;
				CLANG_WARN_COMMA = YES;
				CLANG_WARN_CONSTANT_CONVERSION = YES;
				CLANG_WARN_DEPRECATED_OBJC_IMPLEMENTATIONS = YES;
				CLANG_WARN_DIRECT_OBJC_ISA_USAGE = YES_ERROR;
				CLANG_WARN_DOCUMENTATION_COMMENTS = YES;
				CLANG_WARN_EMPTY_BODY = YES;
				CLANG_WARN_ENUM_CONVERSION = YES;
				CLANG_WARN_INFINITE_RECURSION = YES;
				CLANG_WARN_INT_CONVERSION = YES;
				CLANG_WARN_NON_LITERAL_NULL_CONVERSION = YES;
				CLANG_WARN_OBJC_IMPLICIT_RETAIN_SELF = YES;
				CLANG_WARN_OBJC_LITERAL_CONVERSION = YES;
				CLANG_WARN_OBJC_ROOT_CLASS = YES_ERROR;
				CLANG_WARN_QUOTED_INCLUDE_IN_FRAMEWORK_HEADER = YES;
				CLANG_WARN_RANGE_LOOP_ANALYSIS = YES;
				CLANG_WARN_STRICT_PROTOTYPES = YES;
				CLANG_WARN_SUSPICIOUS_MOVE = YES;
				CLANG_WARN_UNGUARDED_AVAILABILITY = YES_AGGRESSIVE;
				CLANG_WARN_UNREACHABLE_CODE = YES;
				CLANG_WARN__DUPLICATE_METHOD_MATCH = YES;
				COPY_PHASE_STRIP = NO;
				DEBUG_INFORMATION_FORMAT = "dwarf-with-dsym";
				ENABLE_NS_ASSERTIONS = NO;
				ENABLE_STRICT_OBJC_MSGSEND = YES;
				GCC_C_LANGUAGE_STANDARD = gnu11;
				GCC_NO_COMMON_BLOCKS = YES;
				GCC_WARN_64_TO_32_BIT_CONVERSION = YES;
				GCC_WARN_ABOUT_RETURN_TYPE = YES_ERROR;
				GCC_WARN_UNDECLARED_SELECTOR = YES;
				GCC_WARN_UNINITIALIZED_AUTOS = YES_AGGRESSIVE;
				GCC_WARN_UNUSED_FUNCTION = YES;
				GCC_WARN_UNUSED_VARIABLE = YES;
				IPHONEOS_DEPLOYMENT_TARGET = 15.5;
				MTL_ENABLE_DEBUG_INFO = NO;
				MTL_FAST_MATH = YES;
				SDKROOT = iphoneos;
				SWIFT_COMPILATION_MODE = wholemodule;
				SWIFT_OPTIMIZATION_LEVEL = "-O";
				VALIDATE_PRODUCT = YES;
			};
			name = Release;
		};
		DB4897EC28A278E100E85934 /* Debug */ = {
			isa = XCBuildConfiguration;
			buildSettings = {
				ASSETCATALOG_COMPILER_APPICON_NAME = AppIcon;
				ASSETCATALOG_COMPILER_GLOBAL_ACCENT_COLOR_NAME = AccentColor;
				CODE_SIGN_STYLE = Automatic;
				CURRENT_PROJECT_VERSION = 1;
				DEVELOPMENT_ASSET_PATHS = "\"Earthquakes/Preview Content\"";
				DEVELOPMENT_TEAM = HPGVYA8AWP;
				ENABLE_PREVIEWS = YES;
				GENERATE_INFOPLIST_FILE = YES;
				INFOPLIST_KEY_UIApplicationSceneManifest_Generation = YES;
				INFOPLIST_KEY_UIApplicationSupportsIndirectInputEvents = YES;
				INFOPLIST_KEY_UILaunchScreen_Generation = YES;
				INFOPLIST_KEY_UISupportedInterfaceOrientations_iPad = "UIInterfaceOrientationPortrait UIInterfaceOrientationPortraitUpsideDown UIInterfaceOrientationLandscapeLeft UIInterfaceOrientationLandscapeRight";
				INFOPLIST_KEY_UISupportedInterfaceOrientations_iPhone = "UIInterfaceOrientationPortrait UIInterfaceOrientationLandscapeLeft UIInterfaceOrientationLandscapeRight";
				LD_RUNPATH_SEARCH_PATHS = (
					"$(inherited)",
					"@executable_path/Frameworks",
				);
				MARKETING_VERSION = 1.0;
				PRODUCT_BUNDLE_IDENTIFIER = srtka.com.Earthquakes;
				PRODUCT_NAME = "$(TARGET_NAME)";
				SWIFT_EMIT_LOC_STRINGS = YES;
				SWIFT_VERSION = 5.0;
				TARGETED_DEVICE_FAMILY = "1,2";
			};
			name = Debug;
		};
		DB4897ED28A278E100E85934 /* Release */ = {
			isa = XCBuildConfiguration;
			buildSettings = {
				ASSETCATALOG_COMPILER_APPICON_NAME = AppIcon;
				ASSETCATALOG_COMPILER_GLOBAL_ACCENT_COLOR_NAME = AccentColor;
				CODE_SIGN_STYLE = Automatic;
				CURRENT_PROJECT_VERSION = 1;
				DEVELOPMENT_ASSET_PATHS = "\"Earthquakes/Preview Content\"";
				DEVELOPMENT_TEAM = HPGVYA8AWP;
				ENABLE_PREVIEWS = YES;
				GENERATE_INFOPLIST_FILE = YES;
				INFOPLIST_KEY_UIApplicationSceneManifest_Generation = YES;
				INFOPLIST_KEY_UIApplicationSupportsIndirectInputEvents = YES;
				INFOPLIST_KEY_UILaunchScreen_Generation = YES;
				INFOPLIST_KEY_UISupportedInterfaceOrientations_iPad = "UIInterfaceOrientationPortrait UIInterfaceOrientationPortraitUpsideDown UIInterfaceOrientationLandscapeLeft UIInterfaceOrientationLandscapeRight";
				INFOPLIST_KEY_UISupportedInterfaceOrientations_iPhone = "UIInterfaceOrientationPortrait UIInterfaceOrientationLandscapeLeft UIInterfaceOrientationLandscapeRight";
				LD_RUNPATH_SEARCH_PATHS = (
					"$(inherited)",
					"@executable_path/Frameworks",
				);
				MARKETING_VERSION = 1.0;
				PRODUCT_BUNDLE_IDENTIFIER = srtka.com.Earthquakes;
				PRODUCT_NAME = "$(TARGET_NAME)";
				SWIFT_EMIT_LOC_STRINGS = YES;
				SWIFT_VERSION = 5.0;
				TARGETED_DEVICE_FAMILY = "1,2";
			};
			name = Release;
		};
		DB4897EF28A278E100E85934 /* Debug */ = {
			isa = XCBuildConfiguration;
			buildSettings = {
				ALWAYS_EMBED_SWIFT_STANDARD_LIBRARIES = YES;
				BUNDLE_LOADER = "$(TEST_HOST)";
				CODE_SIGN_STYLE = Automatic;
				CURRENT_PROJECT_VERSION = 1;
				DEVELOPMENT_TEAM = HPGVYA8AWP;
				GENERATE_INFOPLIST_FILE = YES;
				IPHONEOS_DEPLOYMENT_TARGET = 15.5;
				MARKETING_VERSION = 1.0;
				PRODUCT_BUNDLE_IDENTIFIER = srtka.com.EarthquakesTests;
				PRODUCT_NAME = "$(TARGET_NAME)";
				SWIFT_EMIT_LOC_STRINGS = NO;
				SWIFT_VERSION = 5.0;
				TARGETED_DEVICE_FAMILY = "1,2";
				TEST_HOST = "$(BUILT_PRODUCTS_DIR)/Earthquakes.app/Earthquakes";
			};
			name = Debug;
		};
		DB4897F028A278E100E85934 /* Release */ = {
			isa = XCBuildConfiguration;
			buildSettings = {
				ALWAYS_EMBED_SWIFT_STANDARD_LIBRARIES = YES;
				BUNDLE_LOADER = "$(TEST_HOST)";
				CODE_SIGN_STYLE = Automatic;
				CURRENT_PROJECT_VERSION = 1;
				DEVELOPMENT_TEAM = HPGVYA8AWP;
				GENERATE_INFOPLIST_FILE = YES;
				IPHONEOS_DEPLOYMENT_TARGET = 15.5;
				MARKETING_VERSION = 1.0;
				PRODUCT_BUNDLE_IDENTIFIER = srtka.com.EarthquakesTests;
				PRODUCT_NAME = "$(TARGET_NAME)";
				SWIFT_EMIT_LOC_STRINGS = NO;
				SWIFT_VERSION = 5.0;
				TARGETED_DEVICE_FAMILY = "1,2";
				TEST_HOST = "$(BUILT_PRODUCTS_DIR)/Earthquakes.app/Earthquakes";
			};
			name = Release;
		};
		DB4897F228A278E100E85934 /* Debug */ = {
			isa = XCBuildConfiguration;
			buildSettings = {
				ALWAYS_EMBED_SWIFT_STANDARD_LIBRARIES = YES;
				CODE_SIGN_STYLE = Automatic;
				CURRENT_PROJECT_VERSION = 1;
				DEVELOPMENT_TEAM = HPGVYA8AWP;
				GENERATE_INFOPLIST_FILE = YES;
				MARKETING_VERSION = 1.0;
				PRODUCT_BUNDLE_IDENTIFIER = srtka.com.EarthquakesUITests;
				PRODUCT_NAME = "$(TARGET_NAME)";
				SWIFT_EMIT_LOC_STRINGS = NO;
				SWIFT_VERSION = 5.0;
				TARGETED_DEVICE_FAMILY = "1,2";
				TEST_TARGET_NAME = Earthquakes;
			};
			name = Debug;
		};
		DB4897F328A278E100E85934 /* Release */ = {
			isa = XCBuildConfiguration;
			buildSettings = {
				ALWAYS_EMBED_SWIFT_STANDARD_LIBRARIES = YES;
				CODE_SIGN_STYLE = Automatic;
				CURRENT_PROJECT_VERSION = 1;
				DEVELOPMENT_TEAM = HPGVYA8AWP;
				GENERATE_INFOPLIST_FILE = YES;
				MARKETING_VERSION = 1.0;
				PRODUCT_BUNDLE_IDENTIFIER = srtka.com.EarthquakesUITests;
				PRODUCT_NAME = "$(TARGET_NAME)";
				SWIFT_EMIT_LOC_STRINGS = NO;
				SWIFT_VERSION = 5.0;
				TARGETED_DEVICE_FAMILY = "1,2";
				TEST_TARGET_NAME = Earthquakes;
			};
			name = Release;
		};
/* End XCBuildConfiguration section */

/* Begin XCConfigurationList section */
		DB4897C228A278DF00E85934 /* Build configuration list for PBXProject "Earthquakes" */ = {
			isa = XCConfigurationList;
			buildConfigurations = (
				DB4897E928A278E100E85934 /* Debug */,
				DB4897EA28A278E100E85934 /* Release */,
			);
			defaultConfigurationIsVisible = 0;
			defaultConfigurationName = Release;
		};
		DB4897EB28A278E100E85934 /* Build configuration list for PBXNativeTarget "Earthquakes" */ = {
			isa = XCConfigurationList;
			buildConfigurations = (
				DB4897EC28A278E100E85934 /* Debug */,
				DB4897ED28A278E100E85934 /* Release */,
			);
			defaultConfigurationIsVisible = 0;
			defaultConfigurationName = Release;
		};
		DB4897EE28A278E100E85934 /* Build configuration list for PBXNativeTarget "EarthquakesTests" */ = {
			isa = XCConfigurationList;
			buildConfigurations = (
				DB4897EF28A278E100E85934 /* Debug */,
				DB4897F028A278E100E85934 /* Release */,
			);
			defaultConfigurationIsVisible = 0;
			defaultConfigurationName = Release;
		};
		DB4897F128A278E100E85934 /* Build configuration list for PBXNativeTarget "EarthquakesUITests" */ = {
			isa = XCConfigurationList;
			buildConfigurations = (
				DB4897F228A278E100E85934 /* Debug */,
				DB4897F328A278E100E85934 /* Release */,
			);
			defaultConfigurationIsVisible = 0;
			defaultConfigurationName = Release;
		};
/* End XCConfigurationList section */
	};
	rootObject = DB4897BF28A278DF00E85934 /* Project object */;
}
